
Microsoft Visual Studio Solution File, Format Version 12.00
# Visual Studio Version 16
VisualStudioVersion = 16.0.31321.278
MinimumVisualStudioVersion = 10.0.40219.1
Project("{8BC9CEB8-8B4A-11D0-8D11-00A0C91BC942}") = "WintersAdvC++FinalHitOrStand", "WintersAdvC++FinalHitOrStand.vcxproj", "{DB0049B8-29EB-498D-9462-B4BD2D78BF2D}"
EndProject
Global
	GlobalSection(SolutionConfigurationPlatforms) = preSolution
		Debug|x64 = Debug|x64
		Debug|x86 = Debug|x86
		Release|x64 = Release|x64
		Release|x86 = Release|x86
	EndGlobalSection
	GlobalSection(ProjectConfigurationPlatforms) = postSolution
		{DB0049B8-29EB-498D-9462-B4BD2D78BF2D}.Debug|x64.ActiveCfg = Debug|x64
		{DB0049B8-29EB-498D-9462-B4BD2D78BF2D}.Debug|x64.Build.0 = Debug|x64
		{DB0049B8-29EB-498D-9462-B4BD2D78BF2D}.Debug|x86.ActiveCfg = Debug|Win32
		{DB0049B8-29EB-498D-9462-B4BD2D78BF2D}.Debug|x86.Build.0 = Debug|Win32
		{DB0049B8-29EB-498D-9462-B4BD2D78BF2D}.Release|x64.ActiveCfg = Release|x64
		{DB0049B8-29EB-498D-9462-B4BD2D78BF2D}.Release|x64.Build.0 = Release|x64
		{DB0049B8-29EB-498D-9462-B4BD2D78BF2D}.Release|x86.ActiveCfg = Release|Win32
		{DB0049B8-29EB-498D-9462-B4BD2D78BF2D}.Release|x86.Build.0 = Release|Win32
	EndGlobalSection
	GlobalSection(SolutionProperties) = preSolution
		HideSolutionNode = FALSE
	EndGlobalSection
	GlobalSection(ExtensibilityGlobals) = postSolution
		SolutionGuid = {432F2919-3098-4697-B06C-80F2DE40D7DC}
	EndGlobalSection
EndGlobal
